
Microsoft Visual Studio Solution File, Format Version 12.00
# Visual Studio 15
VisualStudioVersion = 15.0.28307.1082
MinimumVisualStudioVersion = 10.0.40219.1
Project("{FAE04EC0-301F-11D3-BF4B-00C04F79EFBC}") = "WebApplication3", "WebApplication3\WebApplication3.csproj", "{1B68EDA0-D2B1-411E-B30D-8BA4F988DC4D}"
EndProject
Global
	GlobalSection(SolutionConfigurationPlatforms) = preSolution
		Debug|Any CPU = Debug|Any CPU
		Release|Any CPU = Release|Any CPU
	EndGlobalSection
	GlobalSection(ProjectConfigurationPlatforms) = postSolution
		{1B68EDA0-D2B1-411E-B30D-8BA4F988DC4D}.Debug|Any CPU.ActiveCfg = Debug|Any CPU
		{1B68EDA0-D2B1-411E-B30D-8BA4F988DC4D}.Debug|Any CPU.Build.0 = Debug|Any CPU
		{1B68EDA0-D2B1-411E-B30D-8BA4F988DC4D}.Release|Any CPU.ActiveCfg = Release|Any CPU
		{1B68EDA0-D2B1-411E-B30D-8BA4F988DC4D}.Release|Any CPU.Build.0 = Release|Any CPU
	EndGlobalSection
	GlobalSection(SolutionProperties) = preSolution
		HideSolutionNode = FALSE
	EndGlobalSection
	GlobalSection(ExtensibilityGlobals) = postSolution
		SolutionGuid = {99BB86B4-CCAC-4BC3-8220-9F703931EB78}
	EndGlobalSection
EndGlobal
